
Microsoft Visual Studio Solution File, Format Version 12.00
# Visual Studio Version 17
VisualStudioVersion = 17.7.34003.232
MinimumVisualStudioVersion = 10.0.40219.1
Project("{FAE04EC0-301F-11D3-BF4B-00C04F79EFBC}") = "compras", "compras\compras.csproj", "{70E85D29-18D9-4607-83D4-CC78C8F9F85F}"
EndProject
Global
	GlobalSection(SolutionConfigurationPlatforms) = preSolution
		Debug|Any CPU = Debug|Any CPU
		Release|Any CPU = Release|Any CPU
	EndGlobalSection
	GlobalSection(ProjectConfigurationPlatforms) = postSolution
		{70E85D29-18D9-4607-83D4-CC78C8F9F85F}.Debug|Any CPU.ActiveCfg = Debug|Any CPU
		{70E85D29-18D9-4607-83D4-CC78C8F9F85F}.Debug|Any CPU.Build.0 = Debug|Any CPU
		{70E85D29-18D9-4607-83D4-CC78C8F9F85F}.Release|Any CPU.ActiveCfg = Release|Any CPU
		{70E85D29-18D9-4607-83D4-CC78C8F9F85F}.Release|Any CPU.Build.0 = Release|Any CPU
	EndGlobalSection
	GlobalSection(SolutionProperties) = preSolution
		HideSolutionNode = FALSE
	EndGlobalSection
	GlobalSection(ExtensibilityGlobals) = postSolution
		SolutionGuid = {7671F187-3505-4098-BA1A-398909A5E910}
	EndGlobalSection
EndGlobal
